# This file is automatically @generated by Cargo.
# It is not intended for manual editing.
version = 4

[[package]]
name = "macros"
version = "0.1.0"
dependencies = [
 "uuid",
]

[[package]]
name = "rand"
version = "0.1.0"

[[package]]
name = "testing_bin"
version = "0.1.0"
dependencies = [
 "rand",
 "zero",
]

[[package]]
name = "uuid"
version = "0.1.0"
dependencies = [
 "rand",
]

[[package]]
name = "zero"
version = "0.1.0"
dependencies = [
 "macros",
 "uuid",
]
